lockfileVersion: 5.4

specifiers:
  cookie-parser: ~1.4.4
  debug: ~2.6.9
  express: ~4.16.1
  http-errors: ~1.6.3
  morgan: ~1.9.1
  pug: 2.0.0-beta11

dependencies:
  cookie-parser: 1.4.6
  debug: 2.6.9
  express: 4.16.4
  http-errors: 1.6.3
  morgan: 1.9.1
  pug: 2.0.0-beta11

packages:

  /@types/babel-types/7.0.11:
    resolution: {integrity: sha1-JjsRP6OW+sQ3MYjXMiUpf7hvGak=}
    dev: false

  /@types/babylon/6.16.6:
    resolution: {integrity: sha1-oefgFWeyal660yGnTRApkYnY2TI=}
    dependencies:
      '@types/babel-types': 7.0.11
    dev: false

  /accepts/1.3.8:
    resolution: {integrity: sha512-PYAthTa2m2VKxuvSD3DPC/Gy+U+sOA1LAuT8mkmRuvw+NACSaeXEQ+NHcVF7rONl6qcaxV3Uuemwawk+7+SJLw==}
    engines: {node: '>= 0.6'}
    dependencies:
      mime-types: 2.1.35
      negotiator: 0.6.3
    dev: false

  /acorn-globals/3.1.0:
    resolution: {integrity: sha1-/YJw9x+7SZawBPqIDuXUZXOnMb8=}
    dependencies:
      acorn: 4.0.13
    dev: false

  /acorn/3.3.0:
    resolution: {integrity: sha1-ReN/s56No/JbruP/U2niu18iAXo=}
    engines: {node: '>=0.4.0'}
    hasBin: true
    dev: false

  /acorn/4.0.13:
    resolution: {integrity: sha1-EFSVrlNh1pe9GVyCUZLhrX8lN4c=}
    engines: {node: '>=0.4.0'}
    hasBin: true
    dev: false

  /align-text/0.1.4:
    resolution: {integrity: sha1-DNkKVhCT810KmSVsIrcGlDP60Rc=}
    engines: {node: '>=0.10.0'}
    dependencies:
      kind-of: 3.2.2
      longest: 1.0.1
      repeat-string: 1.6.1
    dev: false

  /amdefine/1.0.1:
    resolution: {integrity: sha1-SlKCrBZHKek2Gbz9OtFR+BfOkfU=}
    engines: {node: '>=0.4.2'}
    dev: false

  /array-flatten/1.1.1:
    resolution: {integrity: sha1-ml9pkFGx5wczKPKgCJaLZOopVdI=}
    dev: false

  /asap/2.0.6:
    resolution: {integrity: sha1-5QNHYR1+aQlDIIu9r+vLwvuGbUY=}
    dev: false

  /babel-runtime/6.26.0:
    resolution: {integrity: sha1-llxwWGaOgrVde/4E/yM3vItWR/4=}
    dependencies:
      core-js: 2.6.11
      regenerator-runtime: 0.11.1
    dev: false

  /babel-types/6.26.0:
    resolution: {integrity: sha1-o7Bz+Uq0nrb6Vc1lInozQ4BjJJc=}
    dependencies:
      babel-runtime: 6.26.0
      esutils: 2.0.3
      lodash: 4.17.21
      to-fast-properties: 1.0.3
    dev: false

  /babylon/6.18.0:
    resolution: {integrity: sha1-ry87iPpvXB5MY00aD46sT1WzleM=}
    hasBin: true
    dev: false

  /basic-auth/2.0.1:
    resolution: {integrity: sha1-uZgnm/R844NEtPPPkW1Gebv1Hjo=}
    engines: {node: '>= 0.8'}
    dependencies:
      safe-buffer: 5.1.2
    dev: false

  /body-parser/1.18.3:
    resolution: {integrity: sha1-WykhmP/dVTs6DyDe0FkrlWlVyLQ=}
    engines: {node: '>= 0.8'}
    dependencies:
      bytes: 3.0.0
      content-type: 1.0.5
      debug: 2.6.9
      depd: 1.1.2
      http-errors: 1.6.3
      iconv-lite: 0.4.23
      on-finished: 2.3.0
      qs: 6.5.2
      raw-body: 2.3.3
      type-is: 1.6.18
    transitivePeerDependencies:
      - supports-color
    dev: false

  /bytes/3.0.0:
    resolution: {integrity: sha1-0ygVQE1olpn4Wk6k+odV3ROpYEg=}
    engines: {node: '>= 0.8'}
    dev: false

  /call-bind/1.0.2:
    resolution: {integrity: sha1-sdTonmiBGcPJqQOtMKuy9qkZvjw=}
    dependencies:
      function-bind: 1.1.1
      get-intrinsic: 1.2.0
    dev: false

  /camelcase/1.2.1:
    resolution: {integrity: sha1-m7UwTS4LVmmLLHWLCKPqqdqlijk=}
    engines: {node: '>=0.10.0'}
    dev: false

  /center-align/0.1.3:
    resolution: {integrity: sha1-qg0yYptu6XIgBBHL1EYckHvCt60=}
    engines: {node: '>=0.10.0'}
    dependencies:
      align-text: 0.1.4
      lazy-cache: 1.0.4
    dev: false

  /character-parser/2.2.0:
    resolution: {integrity: sha1-x84o821LzZdE5f/CxfzeHHMmH8A=}
    dependencies:
      is-regex: 1.1.4
    dev: false

  /clean-css/3.4.28:
    resolution: {integrity: sha1-vxlF6C/ICPVWlebd6uwBQA79A/8=}
    engines: {node: '>=0.10.0'}
    hasBin: true
    dependencies:
      commander: 2.8.1
      source-map: 0.4.4
    dev: false

  /cliui/2.1.0:
    resolution: {integrity: sha1-S0dXYP+AJkx2LDoXGQMukcf+oNE=}
    dependencies:
      center-align: 0.1.3
      right-align: 0.1.3
      wordwrap: 0.0.2
    dev: false

  /commander/2.8.1:
    resolution: {integrity: sha1-Br42f+v9oMMwqh4qBy09yXYkJdQ=}
    engines: {node: '>= 0.6.x'}
    dependencies:
      graceful-readlink: 1.0.1
    dev: false

  /constantinople/3.1.2:
    resolution: {integrity: sha1-1F7XJPV9PRBQABen06iJwTga5kc=}
    dependencies:
      '@types/babel-types': 7.0.11
      '@types/babylon': 6.16.6
      babel-types: 6.26.0
      babylon: 6.18.0
    dev: false

  /content-disposition/0.5.2:
    resolution: {integrity: sha1-DPaLud318r55YcOoUXjLhdunjLQ=}
    engines: {node: '>= 0.6'}
    dev: false

  /content-type/1.0.5:
    resolution: {integrity: sha512-nTjqfcBFEipKdXCv4YDQWCfmcLZKm81ldF0pAopTvyrFGVbcR6P/VAAd5G7N+0tTr8QqiU0tFadD6FK4NtJwOA==}
    engines: {node: '>= 0.6'}
    dev: false

  /cookie-parser/1.4.6:
    resolution: {integrity: sha1-OsOn01p6A7vH42UHOiYHSCQhRZQ=}
    engines: {node: '>= 0.8.0'}
    dependencies:
      cookie: 0.4.1
      cookie-signature: 1.0.6
    dev: false

  /cookie-signature/1.0.6:
    resolution: {integrity: sha1-4wOogrNCzD7oylE6eZmXNNqzriw=}
    dev: false

  /cookie/0.3.1:
    resolution: {integrity: sha1-5+Ch+e9DtMi6klxcWpboBtFoc7s=}
    engines: {node: '>= 0.6'}
    dev: false

  /cookie/0.4.1:
    resolution: {integrity: sha1-r9cT/ibr0hupXOth+agRblClN9E=}
    engines: {node: '>= 0.6'}
    dev: false

  /core-js/2.6.11:
    resolution: {integrity: sha1-OIMUafmSK97Y7iHJ3EaYXgOZMIw=}
    requiresBuild: true
    dev: false

  /debug/2.6.9:
    resolution: {integrity: sha1-XRKFFd8TT/Mn6QpMk/Tgd6U2NB8=}
    peerDependencies:
      supports-color: '*'
    peerDependenciesMeta:
      supports-color:
        optional: true
    dependencies:
      ms: 2.0.0
    dev: false

  /decamelize/1.2.0:
    resolution: {integrity: sha1-9lNNFRSCabIDUue+4m9QH5oZEpA=}
    engines: {node: '>=0.10.0'}
    dev: false

  /depd/1.1.2:
    resolution: {integrity: sha1-m81S4UwJd2PnSbJ0xDRu0uVgtak=}
    engines: {node: '>= 0.6'}
    dev: false

  /destroy/1.0.4:
    resolution: {integrity: sha1-l4hXRCxEdJ5CBmE+N5RiBYJqvYA=}
    dev: false

  /doctypes/1.1.0:
    resolution: {integrity: sha1-6oCxBqh1OHdOijpKWv4pPeSJ4Kk=}
    dev: false

  /ee-first/1.1.1:
    resolution: {integrity: sha1-WQxhFWsK4vTwJVcyoViyZrxWsh0=}
    dev: false

  /encodeurl/1.0.2:
    resolution: {integrity: sha1-rT/0yG7C0CkyL1oCw6mmBslbP1k=}
    engines: {node: '>= 0.8'}
    dev: false

  /escape-html/1.0.3:
    resolution: {integrity: sha1-Aljq5NPQwJdN4cFpGI7wBR0dGYg=}
    dev: false

  /esutils/2.0.3:
    resolution: {integrity: sha1-dNLrTeC42hKTcRkQ1Qd1ubcQ72Q=}
    engines: {node: '>=0.10.0'}
    dev: false

  /etag/1.8.1:
    resolution: {integrity: sha1-Qa4u62XvpiJorr/qg6x9eSmbCIc=}
    engines: {node: '>= 0.6'}
    dev: false

  /express/4.16.4:
    resolution: {integrity: sha1-/d72GSYQniTFFeqX/S8b2/Yt8S4=}
    engines: {node: '>= 0.10.0'}
    dependencies:
      accepts: 1.3.8
      array-flatten: 1.1.1
      body-parser: 1.18.3
      content-disposition: 0.5.2
      content-type: 1.0.5
      cookie: 0.3.1
      cookie-signature: 1.0.6
      debug: 2.6.9
      depd: 1.1.2
      encodeurl: 1.0.2
      escape-html: 1.0.3
      etag: 1.8.1
      finalhandler: 1.1.1
      fresh: 0.5.2
      merge-descriptors: 1.0.1
      methods: 1.1.2
      on-finished: 2.3.0
      parseurl: 1.3.3
      path-to-regexp: 0.1.7
      proxy-addr: 2.0.7
      qs: 6.5.2
      range-parser: 1.2.1
      safe-buffer: 5.1.2
      send: 0.16.2
      serve-static: 1.13.2
      setprototypeof: 1.1.0
      statuses: 1.4.0
      type-is: 1.6.18
      utils-merge: 1.0.1
      vary: 1.1.2
    transitivePeerDependencies:
      - supports-color
    dev: false

  /finalhandler/1.1.1:
    resolution: {integrity: sha1-7r9O2EAHnIP0JJA4ydcDAIMBsQU=}
    engines: {node: '>= 0.8'}
    dependencies:
      debug: 2.6.9
      encodeurl: 1.0.2
      escape-html: 1.0.3
      on-finished: 2.3.0
      parseurl: 1.3.3
      statuses: 1.4.0
      unpipe: 1.0.0
    transitivePeerDependencies:
      - supports-color
    dev: false

  /forwarded/0.2.0:
    resolution: {integrity: sha1-ImmTZCiq1MFcfr6XeahL8LKoGBE=}
    engines: {node: '>= 0.6'}
    dev: false

  /fresh/0.5.2:
    resolution: {integrity: sha1-PYyt2Q2XZWn6g1qx+OSyOhBWBac=}
    engines: {node: '>= 0.6'}
    dev: false

  /function-bind/1.1.1:
    resolution: {integrity: sha1-pWiZ0+o8m6uHS7l3O3xe3pL0iV0=}
    dev: false

  /get-intrinsic/1.2.0:
    resolution: {integrity: sha512-L049y6nFOuom5wGyRc3/gdTLO94dySVKRACj1RmJZBQXlbTMhtNIgkWkUHq+jYmZvKf14EW1EoJnnjbmoHij0Q==}
    dependencies:
      function-bind: 1.1.1
      has: 1.0.3
      has-symbols: 1.0.3
    dev: false

  /graceful-readlink/1.0.1:
    resolution: {integrity: sha1-TK+tdrxi8C+gObL5Tpo906ORpyU=}
    dev: false

  /has-symbols/1.0.3:
    resolution: {integrity: sha512-l3LCuF6MgDNwTDKkdYGEihYjt5pRPbEg46rtlmnSPlUbgmB8LOIrKJbYYFBSbnPaJexMKtiPO8hmeRjRz2Td+A==}
    engines: {node: '>= 0.4'}
    dev: false

  /has-tostringtag/1.0.0:
    resolution: {integrity: sha1-fhM4GKfTlHNPlB5zw9P5KR5liyU=}
    engines: {node: '>= 0.4'}
    dependencies:
      has-symbols: 1.0.3
    dev: false

  /has/1.0.3:
    resolution: {integrity: sha1-ci18v8H2qoJB8W3YFOAR4fQeh5Y=}
    engines: {node: '>= 0.4.0'}
    dependencies:
      function-bind: 1.1.1
    dev: false

  /http-errors/1.6.3:
    resolution: {integrity: sha1-i1VoC7S+KDoLW/TqLjhYC+HZMg0=}
    engines: {node: '>= 0.6'}
    dependencies:
      depd: 1.1.2
      inherits: 2.0.3
      setprototypeof: 1.1.0
      statuses: 1.5.0
    dev: false

  /iconv-lite/0.4.23:
    resolution: {integrity: sha1-KXhx9jvlB63Pv8pxXQzQ7thOmmM=}
    engines: {node: '>=0.10.0'}
    dependencies:
      safer-buffer: 2.1.2
    dev: false

  /inherits/2.0.3:
    resolution: {integrity: sha1-Yzwsg+PaQqUC9SRmAiSA9CCCYd4=}
    dev: false

  /ipaddr.js/1.9.1:
    resolution: {integrity: sha1-v/OFQ+64mEglB5/zoqjmy9RngbM=}
    engines: {node: '>= 0.10'}
    dev: false

  /is-buffer/1.1.6:
    resolution: {integrity: sha1-76ouqdqg16suoTqXsritUf776L4=}
    dev: false

  /is-core-module/2.12.0:
    resolution: {integrity: sha512-RECHCBCd/viahWmwj6enj19sKbHfJrddi/6cBDsNTKbNq0f7VeaUkBo60BqzvPqo/W54ChS62Z5qyun7cfOMqQ==}
    dependencies:
      has: 1.0.3
    dev: false

  /is-expression/3.0.0:
    resolution: {integrity: sha1-Oayqa+f9HzRx3ELHQW5hwkMXrJ8=}
    dependencies:
      acorn: 4.0.13
      object-assign: 4.1.1
    dev: false

  /is-promise/2.2.2:
    resolution: {integrity: sha1-OauVnMv5p3TPB597QMeib3YxNfE=}
    dev: false

  /is-regex/1.1.4:
    resolution: {integrity: sha1-7vVmPNWfpMCuM5UFMj32hUuxWVg=}
    engines: {node: '>= 0.4'}
    dependencies:
      call-bind: 1.0.2
      has-tostringtag: 1.0.0
    dev: false

  /js-stringify/1.0.2:
    resolution: {integrity: sha1-Fzb939lyTyijaCrcYjCufk6Weds=}
    dev: false

  /jstransformer/1.0.0:
    resolution: {integrity: sha1-7Yvwkh4vPx7U1cGkT2hwntJHIsM=}
    dependencies:
      is-promise: 2.2.2
      promise: 7.3.1
    dev: false

  /kind-of/3.2.2:
    resolution: {integrity: sha1-MeohpzS6ubuw8yRm2JOupR5KPGQ=}
    engines: {node: '>=0.10.0'}
    dependencies:
      is-buffer: 1.1.6
    dev: false

  /lazy-cache/1.0.4:
    resolution: {integrity: sha1-odePw6UEdMuAhF07O24dpJpEbo4=}
    engines: {node: '>=0.10.0'}
    dev: false

  /lodash/4.17.21:
    resolution: {integrity: sha1-Z5WRxWTDv/quhFTPCz3zcMPWkRw=}
    dev: false

  /longest/1.0.1:
    resolution: {integrity: sha1-MKCy2jj3N3DoKUoNIuZiXtd9AJc=}
    engines: {node: '>=0.10.0'}
    dev: false

  /media-typer/0.3.0:
    resolution: {integrity: sha1-hxDXrwqmJvj/+hzgAWhUUmMlV0g=}
    engines: {node: '>= 0.6'}
    dev: false

  /merge-descriptors/1.0.1:
    resolution: {integrity: sha1-sAqqVW3YtEVoFQ7J0blT8/kMu2E=}
    dev: false

  /methods/1.1.2:
    resolution: {integrity: sha1-VSmk1nZUE07cxSZmVoNbD4Ua/O4=}
    engines: {node: '>= 0.6'}
    dev: false

  /mime-db/1.52.0:
    resolution: {integrity: sha512-sPU4uV7dYlvtWJxwwxHD0PuihVNiE7TyAbQ5SWxDCB9mUYvOgroQOwYQQOKPJ8CIbE+1ETVlOoK1UC2nU3gYvg==}
    engines: {node: '>= 0.6'}
    dev: false

  /mime-types/2.1.35:
    resolution: {integrity: sha512-ZDY+bPm5zTTF+YpCrAU9nK0UgICYPT0QtT1NZWFv4s++TNkcgVaT0g6+4R2uI4MjQjzysHB1zxuWL50hzaeXiw==}
    engines: {node: '>= 0.6'}
    dependencies:
      mime-db: 1.52.0
    dev: false

  /mime/1.4.1:
    resolution: {integrity: sha1-Eh+evEnjdm8xGnbh+hyAA8SwOqY=}
    hasBin: true
    dev: false

  /morgan/1.9.1:
    resolution: {integrity: sha1-Co0Wc0odmvvIJLmd+H5zjlji2lk=}
    engines: {node: '>= 0.8.0'}
    dependencies:
      basic-auth: 2.0.1
      debug: 2.6.9
      depd: 1.1.2
      on-finished: 2.3.0
      on-headers: 1.0.2
    transitivePeerDependencies:
      - supports-color
    dev: false

  /ms/2.0.0:
    resolution: {integrity: sha1-VgiurfwAvmwpAd9fmGF4jeDVl8g=}
    dev: false

  /negotiator/0.6.3:
    resolution: {integrity: sha512-+EUsqGPLsM+j/zdChZjsnX51g4XrHFOIXwfnCVPGlQk/k5giakcKsuxCObBRu6DSm9opw/O6slWbJdghQM4bBg==}
    engines: {node: '>= 0.6'}
    dev: false

  /object-assign/4.1.1:
    resolution: {integrity: sha1-IQmtx5ZYh8/AXLvUQsrIv7s2CGM=}
    engines: {node: '>=0.10.0'}
    dev: false

  /on-finished/2.3.0:
    resolution: {integrity: sha1-IPEzZIGwg811M3mSoWlxqi2QaUc=}
    engines: {node: '>= 0.8'}
    dependencies:
      ee-first: 1.1.1
    dev: false

  /on-headers/1.0.2:
    resolution: {integrity: sha1-dysK5qqlJcOZ5Imt+tkMQD6zwo8=}
    engines: {node: '>= 0.8'}
    dev: false

  /parseurl/1.3.3:
    resolution: {integrity: sha1-naGee+6NEt/wUT7Vt2lXeTvC6NQ=}
    engines: {node: '>= 0.8'}
    dev: false

  /path-parse/1.0.7:
    resolution: {integrity: sha1-+8EUtgykKzDZ2vWFjkvWi77bZzU=}
    dev: false

  /path-to-regexp/0.1.7:
    resolution: {integrity: sha1-32BBeABfUi8V60SQ5yR6G/qmf4w=}
    dev: false

  /promise/7.3.1:
    resolution: {integrity: sha1-BktyYCsY+Q8pGSuLG8QY/9Hr078=}
    dependencies:
      asap: 2.0.6
    dev: false

  /proxy-addr/2.0.7:
    resolution: {integrity: sha1-8Z/mnOqzEe65S0LnDowgcPm6ECU=}
    engines: {node: '>= 0.10'}
    dependencies:
      forwarded: 0.2.0
      ipaddr.js: 1.9.1
    dev: false

  /pug-attrs/2.0.4:
    resolution: {integrity: sha1-svRMQ55OtK1dTvJcrCDRitKMwzY=}
    dependencies:
      constantinople: 3.1.2
      js-stringify: 1.0.2
      pug-runtime: 2.0.5
    dev: false

  /pug-code-gen/1.1.1:
    resolution: {integrity: sha1-HPcnRO8qA56uajNAyqoRBYcSWOg=}
    dependencies:
      constantinople: 3.1.2
      doctypes: 1.1.0
      js-stringify: 1.0.2
      pug-attrs: 2.0.4
      pug-error: 1.3.3
      pug-runtime: 2.0.5
      void-elements: 2.0.1
      with: 5.1.1
    dev: false

  /pug-error/1.3.3:
    resolution: {integrity: sha1-80L7AIdS1YA0wYXeA2At2f/hX6Y=}
    dev: false

  /pug-filters/2.1.5:
    resolution: {integrity: sha1-Zr9ugNl/vvgpurCqNe3f8z/JZPM=}
    dependencies:
      clean-css: 3.4.28
      constantinople: 3.1.2
      jstransformer: 1.0.0
      pug-error: 1.3.3
      pug-walk: 1.1.8
      resolve: 1.22.3
      uglify-js: 2.8.29
    dev: false

  /pug-lexer/3.1.0:
    resolution: {integrity: sha1-/QhzdtSmdbT1n4/vQiiDQ06VgaI=}
    dependencies:
      character-parser: 2.2.0
      is-expression: 3.0.0
      pug-error: 1.3.3
    dev: false

  /pug-linker/2.0.3:
    resolution: {integrity: sha1-szH/olc33eacEntWwQ/xf652bco=}
    dependencies:
      pug-error: 1.3.3
      pug-walk: 1.1.8
    dev: false

  /pug-load/2.0.12:
    resolution: {integrity: sha1-04yF64X24vcE3qFNzKlBRNNdPns=}
    dependencies:
      object-assign: 4.1.1
      pug-walk: 1.1.8
    dev: false

  /pug-parser/2.0.2:
    resolution: {integrity: sha1-U6aAz9BQOdywwn0CkJS8SnkmibA=}
    dependencies:
      pug-error: 1.3.3
      token-stream: 0.0.1
    dev: false

  /pug-runtime/2.0.5:
    resolution: {integrity: sha1-baeXbDa/IvaOczw1kkDYrnoylTo=}
    dev: false

  /pug-strip-comments/1.0.4:
    resolution: {integrity: sha1-zBtt4fbo9ZMc8C7GbN/9P1Dq+Kg=}
    dependencies:
      pug-error: 1.3.3
    dev: false

  /pug-walk/1.1.8:
    resolution: {integrity: sha1-tAj2fyeRL4wh2i9FtyMMS9Kl6no=}
    dev: false

  /pug/2.0.0-beta11:
    resolution: {integrity: sha1-Favmr1AEx+LPRhPksnRlyVRrXwE=}
    dependencies:
      pug-code-gen: 1.1.1
      pug-filters: 2.1.5
      pug-lexer: 3.1.0
      pug-linker: 2.0.3
      pug-load: 2.0.12
      pug-parser: 2.0.2
      pug-runtime: 2.0.5
      pug-strip-comments: 1.0.4
    dev: false

  /qs/6.5.2:
    resolution: {integrity: sha1-yzroBuh0BERYTvFUzo7pjUA/PjY=}
    engines: {node: '>=0.6'}
    dev: false

  /range-parser/1.2.1:
    resolution: {integrity: sha1-PPNwI9GZ4cJNGlW4SADC8+ZGgDE=}
    engines: {node: '>= 0.6'}
    dev: false

  /raw-body/2.3.3:
    resolution: {integrity: sha1-GzJOzmtXBuFThVvBFIxlu39uoMM=}
    engines: {node: '>= 0.8'}
    dependencies:
      bytes: 3.0.0
      http-errors: 1.6.3
      iconv-lite: 0.4.23
      unpipe: 1.0.0
    dev: false

  /regenerator-runtime/0.11.1:
    resolution: {integrity: sha1-vgWtf5v30i4Fb5cmzuUBf78Z4uk=}
    dev: false

  /repeat-string/1.6.1:
    resolution: {integrity: sha1-jcrkcOHIirwtYA//Sndihtp15jc=}
    engines: {node: '>=0.10'}
    dev: false

  /resolve/1.22.3:
    resolution: {integrity: sha512-P8ur/gp/AmbEzjr729bZnLjXK5Z+4P0zhIJgBgzqRih7hL7BOukHGtSTA3ACMY467GRFz3duQsi0bDZdR7DKdw==}
    hasBin: true
    dependencies:
      is-core-module: 2.12.0
      path-parse: 1.0.7
      supports-preserve-symlinks-flag: 1.0.0
    dev: false

  /right-align/0.1.3:
    resolution: {integrity: sha1-YTObci/mo1FWiSENJOFMlhSGE+8=}
    engines: {node: '>=0.10.0'}
    dependencies:
      align-text: 0.1.4
    dev: false

  /safe-buffer/5.1.2:
    resolution: {integrity: sha1-mR7GnSluAxN0fVm9/St0XDX4go0=}
    dev: false

  /safer-buffer/2.1.2:
    resolution: {integrity: sha1-RPoWGwGHuVSd2Eu5GAL5vYOFzWo=}
    dev: false

  /send/0.16.2:
    resolution: {integrity: sha1-bsyh4PjBVtFBWXVZhI32RzCmu8E=}
    engines: {node: '>= 0.8.0'}
    dependencies:
      debug: 2.6.9
      depd: 1.1.2
      destroy: 1.0.4
      encodeurl: 1.0.2
      escape-html: 1.0.3
      etag: 1.8.1
      fresh: 0.5.2
      http-errors: 1.6.3
      mime: 1.4.1
      ms: 2.0.0
      on-finished: 2.3.0
      range-parser: 1.2.1
      statuses: 1.4.0
    transitivePeerDependencies:
      - supports-color
    dev: false

  /serve-static/1.13.2:
    resolution: {integrity: sha1-CV6Ecv1bRiN9tQzkhqQ/S4bGzsE=}
    engines: {node: '>= 0.8.0'}
    dependencies:
      encodeurl: 1.0.2
      escape-html: 1.0.3
      parseurl: 1.3.3
      send: 0.16.2
    transitivePeerDependencies:
      - supports-color
    dev: false

  /setprototypeof/1.1.0:
    resolution: {integrity: sha1-0L2FU2iHtv58DYGMuWLZ2RxU5lY=}
    dev: false

  /source-map/0.4.4:
    resolution: {integrity: sha1-66T12pwNyZneaAMti092FzZSA2s=}
    engines: {node: '>=0.8.0'}
    dependencies:
      amdefine: 1.0.1
    dev: false

  /source-map/0.5.7:
    resolution: {integrity: sha1-igOdLRAh0i0eoUyA2OpGi6LvP8w=}
    engines: {node: '>=0.10.0'}
    dev: false

  /statuses/1.4.0:
    resolution: {integrity: sha1-u3PURtonlhBu/MG2AaJT1sRr0Ic=}
    engines: {node: '>= 0.6'}
    dev: false

  /statuses/1.5.0:
    resolution: {integrity: sha1-Fhx9rBd2Wf2YEfQ3cfqZOBR4Yow=}
    engines: {node: '>= 0.6'}
    dev: false

  /supports-preserve-symlinks-flag/1.0.0:
    resolution: {integrity: sha512-ot0WnXS9fgdkgIcePe6RHNk1WA8+muPa6cSjeR3V8K27q9BB1rTE3R1p7Hv0z1ZyAc8s6Vvv8DIyWf681MAt0w==}
    engines: {node: '>= 0.4'}
    dev: false

  /to-fast-properties/1.0.3:
    resolution: {integrity: sha1-uDVx+k2MJbguIxsG46MFXeTKGkc=}
    engines: {node: '>=0.10.0'}
    dev: false

  /token-stream/0.0.1:
    resolution: {integrity: sha1-zu78cXp2xDFvEm0LnbqlXX598Bo=}
    dev: false

  /type-is/1.6.18:
    resolution: {integrity: sha1-TlUs0F3wlGfcvE73Od6J8s83wTE=}
    engines: {node: '>= 0.6'}
    dependencies:
      media-typer: 0.3.0
      mime-types: 2.1.35
    dev: false

  /uglify-js/2.8.29:
    resolution: {integrity: sha1-KcVzMUgFe7Th913zW3qcty5qWd0=}
    engines: {node: '>=0.8.0'}
    hasBin: true
    dependencies:
      source-map: 0.5.7
      yargs: 3.10.0
    optionalDependencies:
      uglify-to-browserify: 1.0.2
    dev: false

  /uglify-to-browserify/1.0.2:
    resolution: {integrity: sha1-bgkk1r2mta/jSeOabWMoUKD4grc=}
    requiresBuild: true
    dev: false
    optional: true

  /unpipe/1.0.0:
    resolution: {integrity: sha1-sr9O6FFKrmFltIF4KdIbLvSZBOw=}
    engines: {node: '>= 0.8'}
    dev: false

  /utils-merge/1.0.1:
    resolution: {integrity: sha1-n5VxD1CiZ5R7LMwSR0HBAoQn5xM=}
    engines: {node: '>= 0.4.0'}
    dev: false

  /vary/1.1.2:
    resolution: {integrity: sha1-IpnwLG3tMNSllhsLn3RSShj2NPw=}
    engines: {node: '>= 0.8'}
    dev: false

  /void-elements/2.0.1:
    resolution: {integrity: sha1-wGavtYK7HLQSjWDqkjkulNXp2+w=}
    engines: {node: '>=0.10.0'}
    dev: false

  /window-size/0.1.0:
    resolution: {integrity: sha1-VDjNLqk7IC76Ohn+iIeu58lPnJ0=}
    engines: {node: '>= 0.8.0'}
    dev: false

  /with/5.1.1:
    resolution: {integrity: sha1-+k2qktrzLE6pTtRTyB8EaGtXXf4=}
    dependencies:
      acorn: 3.3.0
      acorn-globals: 3.1.0
    dev: false

  /wordwrap/0.0.2:
    resolution: {integrity: sha1-t5Zpu0LstAn4PVg8rVLKF+qhZD8=}
    engines: {node: '>=0.4.0'}
    dev: false

  /yargs/3.10.0:
    resolution: {integrity: sha1-9+572FfdfB0tOMDnTvvWgdFDH9E=}
    dependencies:
      camelcase: 1.2.1
      cliui: 2.1.0
      decamelize: 1.2.0
      window-size: 0.1.0
    dev: false
